
Microsoft Visual Studio Solution File, Format Version 12.00
# Visual Studio 14
VisualStudioVersion = 14.0.25420.1
MinimumVisualStudioVersion = 10.0.40219.1
Project("{FAE04EC0-301F-11D3-BF4B-00C04F79EFBC}") = "ShopMini.Data", "ShopMini.Data\ShopMini.Data.csproj", "{CD9C80FE-36FF-4BD1-9AFF-0523D29D7DC4}"
EndProject
Project("{FAE04EC0-301F-11D3-BF4B-00C04F79EFBC}") = "ShopMini.Model", "ShopMini.Model\ShopMini.Model.csproj", "{8664F5AB-928E-49BE-9BF6-0A8FCDA72A39}"
EndProject
Project("{FAE04EC0-301F-11D3-BF4B-00C04F79EFBC}") = "ShopMini.Common", "ShopMini.Common\ShopMini.Common.csproj", "{1FCB09D9-BDD0-4DE9-970F-74F12080B58B}"
EndProject
Project("{FAE04EC0-301F-11D3-BF4B-00C04F79EFBC}") = "ShopMini.Service", "ShopMini.Service\ShopMini.Service.csproj", "{F1E266E4-00EC-439D-B844-C5B5590C2E77}"
EndProject
Project("{FAE04EC0-301F-11D3-BF4B-00C04F79EFBC}") = "ShopMini.Web", "ShopMini.Web\ShopMini.Web.csproj", "{4D740160-2852-440B-9FF7-AD93A5D0B88C}"
EndProject
Project("{FAE04EC0-301F-11D3-BF4B-00C04F79EFBC}") = "ShopMini.UnitTest", "ShopMini.UnitTest\ShopMini.UnitTest.csproj", "{70F82016-24D8-4136-BD0D-3908CF05F649}"
EndProject
Global
	GlobalSection(SolutionConfigurationPlatforms) = preSolution
		Debug|Any CPU = Debug|Any CPU
		Release|Any CPU = Release|Any CPU
	EndGlobalSection
	GlobalSection(ProjectConfigurationPlatforms) = postSolution
		{CD9C80FE-36FF-4BD1-9AFF-0523D29D7DC4}.Debug|Any CPU.ActiveCfg = Debug|Any CPU
		{CD9C80FE-36FF-4BD1-9AFF-0523D29D7DC4}.Debug|Any CPU.Build.0 = Debug|Any CPU
		{CD9C80FE-36FF-4BD1-9AFF-0523D29D7DC4}.Release|Any CPU.ActiveCfg = Release|Any CPU
		{CD9C80FE-36FF-4BD1-9AFF-0523D29D7DC4}.Release|Any CPU.Build.0 = Release|Any CPU
		{8664F5AB-928E-49BE-9BF6-0A8FCDA72A39}.Debug|Any CPU.ActiveCfg = Debug|Any CPU
		{8664F5AB-928E-49BE-9BF6-0A8FCDA72A39}.Debug|Any CPU.Build.0 = Debug|Any CPU
		{8664F5AB-928E-49BE-9BF6-0A8FCDA72A39}.Release|Any CPU.ActiveCfg = Release|Any CPU
		{8664F5AB-928E-49BE-9BF6-0A8FCDA72A39}.Release|Any CPU.Build.0 = Release|Any CPU
		{1FCB09D9-BDD0-4DE9-970F-74F12080B58B}.Debug|Any CPU.ActiveCfg = Debug|Any CPU
		{1FCB09D9-BDD0-4DE9-970F-74F12080B58B}.Debug|Any CPU.Build.0 = Debug|Any CPU
		{1FCB09D9-BDD0-4DE9-970F-74F12080B58B}.Release|Any CPU.ActiveCfg = Release|Any CPU
		{1FCB09D9-BDD0-4DE9-970F-74F12080B58B}.Release|Any CPU.Build.0 = Release|Any CPU
		{F1E266E4-00EC-439D-B844-C5B5590C2E77}.Debug|Any CPU.ActiveCfg = Debug|Any CPU
		{F1E266E4-00EC-439D-B844-C5B5590C2E77}.Debug|Any CPU.Build.0 = Debug|Any CPU
		{F1E266E4-00EC-439D-B844-C5B5590C2E77}.Release|Any CPU.ActiveCfg = Release|Any CPU
		{F1E266E4-00EC-439D-B844-C5B5590C2E77}.Release|Any CPU.Build.0 = Release|Any CPU
		{4D740160-2852-440B-9FF7-AD93A5D0B88C}.Debug|Any CPU.ActiveCfg = Debug|Any CPU
		{4D740160-2852-440B-9FF7-AD93A5D0B88C}.Debug|Any CPU.Build.0 = Debug|Any CPU
		{4D740160-2852-440B-9FF7-AD93A5D0B88C}.Release|Any CPU.ActiveCfg = Release|Any CPU
		{4D740160-2852-440B-9FF7-AD93A5D0B88C}.Release|Any CPU.Build.0 = Release|Any CPU
		{70F82016-24D8-4136-BD0D-3908CF05F649}.Debug|Any CPU.ActiveCfg = Debug|Any CPU
		{70F82016-24D8-4136-BD0D-3908CF05F649}.Debug|Any CPU.Build.0 = Debug|Any CPU
		{70F82016-24D8-4136-BD0D-3908CF05F649}.Release|Any CPU.ActiveCfg = Release|Any CPU
		{70F82016-24D8-4136-BD0D-3908CF05F649}.Release|Any CPU.Build.0 = Release|Any CPU
	EndGlobalSection
	GlobalSection(SolutionProperties) = preSolution
		HideSolutionNode = FALSE
	EndGlobalSection
EndGlobal
